
Microsoft Visual Studio Solution File, Format Version 12.00
# Visual Studio 15
VisualStudioVersion = 15.0.25807.0
MinimumVisualStudioVersion = 10.0.40219.1
Project("{2150E333-8FDC-42A3-9474-1A3956D46DE8}") = "Engine", "Engine", "{B6770266-8241-4DCE-B351-843C13B859FB}"
EndProject
Project("{2150E333-8FDC-42A3-9474-1A3956D46DE8}") = "Games", "Games", "{A9512374-5568-4D28-A0A1-B6BC1AEBB349}"
EndProject
Project("{8BC9CEB8-8B4A-11D0-8D11-00A0C91BC942}") = "UE4", "Intermediate\ProjectFiles\UE4.vcxproj", "{833C9002-AE62-4A29-B1B0-775D74788998}"
EndProject
Project("{8BC9CEB8-8B4A-11D0-8D11-00A0C91BC942}") = "BuildingEscape", "Intermediate\ProjectFiles\BuildingEscape.vcxproj", "{B7A6CBDB-4EC2-45C5-9F04-1A5B77172970}"
EndProject
Global
	GlobalSection(SolutionConfigurationPlatforms) = preSolution
		DebugGame Editor|HTML5 = DebugGame Editor|HTML5
		DebugGame Editor|IOS = DebugGame Editor|IOS
		DebugGame Editor|Win32 = DebugGame Editor|Win32
		DebugGame Editor|Win64 = DebugGame Editor|Win64
		DebugGame|HTML5 = DebugGame|HTML5
		DebugGame|IOS = DebugGame|IOS
		DebugGame|Win32 = DebugGame|Win32
		DebugGame|Win64 = DebugGame|Win64
		Development Editor|HTML5 = Development Editor|HTML5
		Development Editor|IOS = Development Editor|IOS
		Development Editor|Win32 = Development Editor|Win32
		Development Editor|Win64 = Development Editor|Win64
		Development|HTML5 = Development|HTML5
		Development|IOS = Development|IOS
		Development|Win32 = Development|Win32
		Development|Win64 = Development|Win64
		Shipping|HTML5 = Shipping|HTML5
		Shipping|IOS = Shipping|IOS
		Shipping|Win32 = Shipping|Win32
		Shipping|Win64 = Shipping|Win64
	EndGlobalSection
	GlobalSection(ProjectConfigurationPlatforms) = postSolution
		{833C9002-AE62-4A29-B1B0-775D74788998}.DebugGame Editor|HTML5.ActiveCfg = BuiltWithUnrealBuildTool|Win32
		{833C9002-AE62-4A29-B1B0-775D74788998}.DebugGame Editor|HTML5.Build.0 = BuiltWithUnrealBuildTool|Win32
		{833C9002-AE62-4A29-B1B0-775D74788998}.DebugGame Editor|IOS.ActiveCfg = BuiltWithUnrealBuildTool|Win32
		{833C9002-AE62-4A29-B1B0-775D74788998}.DebugGame Editor|IOS.Build.0 = BuiltWithUnrealBuildTool|Win32
		{833C9002-AE62-4A29-B1B0-775D74788998}.DebugGame Editor|Win32.ActiveCfg = BuiltWithUnrealBuildTool|Win32
		{833C9002-AE62-4A29-B1B0-775D74788998}.DebugGame Editor|Win32.Build.0 = BuiltWithUnrealBuildTool|Win32
		{833C9002-AE62-4A29-B1B0-775D74788998}.DebugGame Editor|Win64.ActiveCfg = BuiltWithUnrealBuildTool|Win32
		{833C9002-AE62-4A29-B1B0-775D74788998}.DebugGame Editor|Win64.Build.0 = BuiltWithUnrealBuildTool|Win32
		{833C9002-AE62-4A29-B1B0-775D74788998}.DebugGame|HTML5.ActiveCfg = BuiltWithUnrealBuildTool|Win32
		{833C9002-AE62-4A29-B1B0-775D74788998}.DebugGame|HTML5.Build.0 = BuiltWithUnrealBuildTool|Win32
		{833C9002-AE62-4A29-B1B0-775D74788998}.DebugGame|IOS.ActiveCfg = BuiltWithUnrealBuildTool|Win32
		{833C9002-AE62-4A29-B1B0-775D74788998}.DebugGame|IOS.Build.0 = BuiltWithUnrealBuildTool|Win32
		{833C9002-AE62-4A29-B1B0-775D74788998}.DebugGame|Win32.ActiveCfg = BuiltWithUnrealBuildTool|Win32
		{833C9002-AE62-4A29-B1B0-775D74788998}.DebugGame|Win32.Build.0 = BuiltWithUnrealBuildTool|Win32
		{833C9002-AE62-4A29-B1B0-775D74788998}.DebugGame|Win64.ActiveCfg = BuiltWithUnrealBuildTool|Win32
		{833C9002-AE62-4A29-B1B0-775D74788998}.DebugGame|Win64.Build.0 = BuiltWithUnrealBuildTool|Win32
		{833C9002-AE62-4A29-B1B0-775D74788998}.Development Editor|HTML5.ActiveCfg = BuiltWithUnrealBuildTool|Win32
		{833C9002-AE62-4A29-B1B0-775D74788998}.Development Editor|HTML5.Build.0 = BuiltWithUnrealBuildTool|Win32
		{833C9002-AE62-4A29-B1B0-775D74788998}.Development Editor|IOS.ActiveCfg = BuiltWithUnrealBuildTool|Win32
		{833C9002-AE62-4A29-B1B0-775D74788998}.Development Editor|IOS.Build.0 = BuiltWithUnrealBuildTool|Win32
		{833C9002-AE62-4A29-B1B0-775D74788998}.Development Editor|Win32.ActiveCfg = BuiltWithUnrealBuildTool|Win32
		{833C9002-AE62-4A29-B1B0-775D74788998}.Development Editor|Win32.Build.0 = BuiltWithUnrealBuildTool|Win32
		{833C9002-AE62-4A29-B1B0-775D74788998}.Development Editor|Win64.ActiveCfg = BuiltWithUnrealBuildTool|Win32
		{833C9002-AE62-4A29-B1B0-775D74788998}.Development Editor|Win64.Build.0 = BuiltWithUnrealBuildTool|Win32
		{833C9002-AE62-4A29-B1B0-775D74788998}.Development|HTML5.ActiveCfg = BuiltWithUnrealBuildTool|Win32
		{833C9002-AE62-4A29-B1B0-775D74788998}.Development|HTML5.Build.0 = BuiltWithUnrealBuildTool|Win32
		{833C9002-AE62-4A29-B1B0-775D74788998}.Development|IOS.ActiveCfg = BuiltWithUnrealBuildTool|Win32
		{833C9002-AE62-4A29-B1B0-775D74788998}.Development|IOS.Build.0 = BuiltWithUnrealBuildTool|Win32
		{833C9002-AE62-4A29-B1B0-775D74788998}.Development|Win32.ActiveCfg = BuiltWithUnrealBuildTool|Win32
		{833C9002-AE62-4A29-B1B0-775D74788998}.Development|Win32.Build.0 = BuiltWithUnrealBuildTool|Win32
		{833C9002-AE62-4A29-B1B0-775D74788998}.Development|Win64.ActiveCfg = BuiltWithUnrealBuildTool|Win32
		{833C9002-AE62-4A29-B1B0-775D74788998}.Development|Win64.Build.0 = BuiltWithUnrealBuildTool|Win32
		{833C9002-AE62-4A29-B1B0-775D74788998}.Shipping|HTML5.ActiveCfg = BuiltWithUnrealBuildTool|Win32
		{833C9002-AE62-4A29-B1B0-775D74788998}.Shipping|HTML5.Build.0 = BuiltWithUnrealBuildTool|Win32
		{833C9002-AE62-4A29-B1B0-775D74788998}.Shipping|IOS.ActiveCfg = BuiltWithUnrealBuildTool|Win32
		{833C9002-AE62-4A29-B1B0-775D74788998}.Shipping|IOS.Build.0 = BuiltWithUnrealBuildTool|Win32
		{833C9002-AE62-4A29-B1B0-775D74788998}.Shipping|Win32.ActiveCfg = BuiltWithUnrealBuildTool|Win32
		{833C9002-AE62-4A29-B1B0-775D74788998}.Shipping|Win32.Build.0 = BuiltWithUnrealBuildTool|Win32
		{833C9002-AE62-4A29-B1B0-775D74788998}.Shipping|Win64.ActiveCfg = BuiltWithUnrealBuildTool|Win32
		{833C9002-AE62-4A29-B1B0-775D74788998}.Shipping|Win64.Build.0 = BuiltWithUnrealBuildTool|Win32
		{B7A6CBDB-4EC2-45C5-9F04-1A5B77172970}.DebugGame Editor|HTML5.ActiveCfg = HTML5_DebugGame_Editor|Win32
		{B7A6CBDB-4EC2-45C5-9F04-1A5B77172970}.DebugGame Editor|IOS.ActiveCfg = IOS_DebugGame_Editor|Win32
		{B7A6CBDB-4EC2-45C5-9F04-1A5B77172970}.DebugGame Editor|Win32.ActiveCfg = DebugGame_Editor|Win32
		{B7A6CBDB-4EC2-45C5-9F04-1A5B77172970}.DebugGame Editor|Win64.ActiveCfg = DebugGame_Editor|x64
		{B7A6CBDB-4EC2-45C5-9F04-1A5B77172970}.DebugGame Editor|Win64.Build.0 = DebugGame_Editor|x64
		{B7A6CBDB-4EC2-45C5-9F04-1A5B77172970}.DebugGame|HTML5.ActiveCfg = HTML5_DebugGame_Game|Win32
		{B7A6CBDB-4EC2-45C5-9F04-1A5B77172970}.DebugGame|HTML5.Build.0 = HTML5_DebugGame_Game|Win32
		{B7A6CBDB-4EC2-45C5-9F04-1A5B77172970}.DebugGame|IOS.ActiveCfg = IOS_DebugGame_Game|Win32
		{B7A6CBDB-4EC2-45C5-9F04-1A5B77172970}.DebugGame|IOS.Build.0 = IOS_DebugGame_Game|Win32
		{B7A6CBDB-4EC2-45C5-9F04-1A5B77172970}.DebugGame|Win32.ActiveCfg = DebugGame_Game|Win32
		{B7A6CBDB-4EC2-45C5-9F04-1A5B77172970}.DebugGame|Win32.Build.0 = DebugGame_Game|Win32
		{B7A6CBDB-4EC2-45C5-9F04-1A5B77172970}.DebugGame|Win64.ActiveCfg = DebugGame_Game|x64
		{B7A6CBDB-4EC2-45C5-9F04-1A5B77172970}.DebugGame|Win64.Build.0 = DebugGame_Game|x64
		{B7A6CBDB-4EC2-45C5-9F04-1A5B77172970}.Development Editor|HTML5.ActiveCfg = HTML5_Development_Editor|Win32
		{B7A6CBDB-4EC2-45C5-9F04-1A5B77172970}.Development Editor|IOS.ActiveCfg = IOS_Development_Editor|Win32
		{B7A6CBDB-4EC2-45C5-9F04-1A5B77172970}.Development Editor|Win32.ActiveCfg = Development_Editor|Win32
		{B7A6CBDB-4EC2-45C5-9F04-1A5B77172970}.Development Editor|Win64.ActiveCfg = Development_Editor|x64
		{B7A6CBDB-4EC2-45C5-9F04-1A5B77172970}.Development Editor|Win64.Build.0 = Development_Editor|x64
		{B7A6CBDB-4EC2-45C5-9F04-1A5B77172970}.Development|HTML5.ActiveCfg = HTML5_Development_Game|Win32
		{B7A6CBDB-4EC2-45C5-9F04-1A5B77172970}.Development|HTML5.Build.0 = HTML5_Development_Game|Win32
		{B7A6CBDB-4EC2-45C5-9F04-1A5B77172970}.Development|IOS.ActiveCfg = IOS_Development_Game|Win32
		{B7A6CBDB-4EC2-45C5-9F04-1A5B77172970}.Development|IOS.Build.0 = IOS_Development_Game|Win32
		{B7A6CBDB-4EC2-45C5-9F04-1A5B77172970}.Development|Win32.ActiveCfg = Development_Game|Win32
		{B7A6CBDB-4EC2-45C5-9F04-1A5B77172970}.Development|Win32.Build.0 = Development_Game|Win32
		{B7A6CBDB-4EC2-45C5-9F04-1A5B77172970}.Development|Win64.ActiveCfg = Development_Game|x64
		{B7A6CBDB-4EC2-45C5-9F04-1A5B77172970}.Development|Win64.Build.0 = Development_Game|x64
		{B7A6CBDB-4EC2-45C5-9F04-1A5B77172970}.Shipping|HTML5.ActiveCfg = HTML5_Shipping_Game|Win32
		{B7A6CBDB-4EC2-45C5-9F04-1A5B77172970}.Shipping|HTML5.Build.0 = HTML5_Shipping_Game|Win32
		{B7A6CBDB-4EC2-45C5-9F04-1A5B77172970}.Shipping|IOS.ActiveCfg = IOS_Shipping_Game|Win32
		{B7A6CBDB-4EC2-45C5-9F04-1A5B77172970}.Shipping|IOS.Build.0 = IOS_Shipping_Game|Win32
		{B7A6CBDB-4EC2-45C5-9F04-1A5B77172970}.Shipping|Win32.ActiveCfg = Shipping_Game|Win32
		{B7A6CBDB-4EC2-45C5-9F04-1A5B77172970}.Shipping|Win32.Build.0 = Shipping_Game|Win32
		{B7A6CBDB-4EC2-45C5-9F04-1A5B77172970}.Shipping|Win64.ActiveCfg = Shipping_Game|x64
		{B7A6CBDB-4EC2-45C5-9F04-1A5B77172970}.Shipping|Win64.Build.0 = Shipping_Game|x64
	EndGlobalSection
	GlobalSection(SolutionProperties) = preSolution
		HideSolutionNode = FALSE
	EndGlobalSection
	GlobalSection(NestedProjects) = preSolution
		{833C9002-AE62-4A29-B1B0-775D74788998} = {B6770266-8241-4DCE-B351-843C13B859FB}
		{B7A6CBDB-4EC2-45C5-9F04-1A5B77172970} = {A9512374-5568-4D28-A0A1-B6BC1AEBB349}
	EndGlobalSection
	GlobalSection(ExtensibilityGlobals) = postSolution
		SolutionGuid = {BA98E6F1-AD3F-47EA-9B8D-6B7D17317131}
	EndGlobalSection
EndGlobal
